
Microsoft Visual Studio Solution File, Format Version 12.00
# Visual Studio 14
VisualStudioVersion = 14.0.23107.0
MinimumVisualStudioVersion = 10.0.40219.1
Project("{FAE04EC0-301F-11D3-BF4B-00C04F79EFBC}") = "SecretSantaMakerCSP", "SecretSantaMakerCSP\SecretSantaMakerCSP.csproj", "{D9F35491-BACD-44E8-A748-44875C74D0E5}"
EndProject
Project("{FAE04EC0-301F-11D3-BF4B-00C04F79EFBC}") = "SecretSantaMakerCSP.ConsoleApplication", "SecretSantaMakerCSP.ConsoleApplication\SecretSantaMakerCSP.ConsoleApplication.csproj", "{2BA5464A-4EC5-42A4-A082-20A4EF07E7CF}"
EndProject
Project("{FAE04EC0-301F-11D3-BF4B-00C04F79EFBC}") = "SecretSantaMakerCSP.UnitTests", "SecretSantaMakerCSP.UnitTests\SecretSantaMakerCSP.UnitTests.csproj", "{38A7BB0C-A7DD-4381-BEC5-2CE8D63A8F03}"
EndProject
Global
	GlobalSection(SolutionConfigurationPlatforms) = preSolution
		Debug|Any CPU = Debug|Any CPU
		Release|Any CPU = Release|Any CPU
	EndGlobalSection
	GlobalSection(ProjectConfigurationPlatforms) = postSolution
		{D9F35491-BACD-44E8-A748-44875C74D0E5}.Debug|Any CPU.ActiveCfg = Debug|Any CPU
		{D9F35491-BACD-44E8-A748-44875C74D0E5}.Debug|Any CPU.Build.0 = Debug|Any CPU
		{D9F35491-BACD-44E8-A748-44875C74D0E5}.Release|Any CPU.ActiveCfg = Release|Any CPU
		{D9F35491-BACD-44E8-A748-44875C74D0E5}.Release|Any CPU.Build.0 = Release|Any CPU
		{2BA5464A-4EC5-42A4-A082-20A4EF07E7CF}.Debug|Any CPU.ActiveCfg = Debug|Any CPU
		{2BA5464A-4EC5-42A4-A082-20A4EF07E7CF}.Debug|Any CPU.Build.0 = Debug|Any CPU
		{2BA5464A-4EC5-42A4-A082-20A4EF07E7CF}.Release|Any CPU.ActiveCfg = Release|Any CPU
		{2BA5464A-4EC5-42A4-A082-20A4EF07E7CF}.Release|Any CPU.Build.0 = Release|Any CPU
		{38A7BB0C-A7DD-4381-BEC5-2CE8D63A8F03}.Debug|Any CPU.ActiveCfg = Debug|Any CPU
		{38A7BB0C-A7DD-4381-BEC5-2CE8D63A8F03}.Debug|Any CPU.Build.0 = Debug|Any CPU
		{38A7BB0C-A7DD-4381-BEC5-2CE8D63A8F03}.Release|Any CPU.ActiveCfg = Release|Any CPU
		{38A7BB0C-A7DD-4381-BEC5-2CE8D63A8F03}.Release|Any CPU.Build.0 = Release|Any CPU
	EndGlobalSection
	GlobalSection(SolutionProperties) = preSolution
		HideSolutionNode = FALSE
	EndGlobalSection
EndGlobal
